
Microsoft Visual Studio Solution File, Format Version 12.00
# Visual Studio Version 17
VisualStudioVersion = 17.1.32414.318
MinimumVisualStudioVersion = 10.0.40219.1
Project("{54A90642-561A-4BB1-A94E-469ADEE60C69}") = "AP2-Chat-DotNet-React", "AP2-Chat-DotNet-React\AP2-Chat-DotNet-React.esproj", "{9EF41021-01A5-4E3F-9AE6-90F1B7F3FF9B}"
EndProject
Project("{FAE04EC0-301F-11D3-BF4B-00C04F79EFBC}") = "AP2-Chat-DotNet-WebAPI", "AP2-Chat-DotNet-WebAPI\AP2-Chat-DotNet-WebAPI.csproj", "{064F8CC1-1E88-4726-9254-28E5C4DF685B}"
EndProject
Global
	GlobalSection(SolutionConfigurationPlatforms) = preSolution
		Debug|Any CPU = Debug|Any CPU
		Release|Any CPU = Release|Any CPU
	EndGlobalSection
	GlobalSection(ProjectConfigurationPlatforms) = postSolution
		{9EF41021-01A5-4E3F-9AE6-90F1B7F3FF9B}.Debug|Any CPU.ActiveCfg = Debug|Any CPU
		{9EF41021-01A5-4E3F-9AE6-90F1B7F3FF9B}.Debug|Any CPU.Build.0 = Debug|Any CPU
		{9EF41021-01A5-4E3F-9AE6-90F1B7F3FF9B}.Debug|Any CPU.Deploy.0 = Debug|Any CPU
		{9EF41021-01A5-4E3F-9AE6-90F1B7F3FF9B}.Release|Any CPU.ActiveCfg = Release|Any CPU
		{9EF41021-01A5-4E3F-9AE6-90F1B7F3FF9B}.Release|Any CPU.Build.0 = Release|Any CPU
		{9EF41021-01A5-4E3F-9AE6-90F1B7F3FF9B}.Release|Any CPU.Deploy.0 = Release|Any CPU
		{064F8CC1-1E88-4726-9254-28E5C4DF685B}.Debug|Any CPU.ActiveCfg = Debug|Any CPU
		{064F8CC1-1E88-4726-9254-28E5C4DF685B}.Debug|Any CPU.Build.0 = Debug|Any CPU
		{064F8CC1-1E88-4726-9254-28E5C4DF685B}.Release|Any CPU.ActiveCfg = Release|Any CPU
		{064F8CC1-1E88-4726-9254-28E5C4DF685B}.Release|Any CPU.Build.0 = Release|Any CPU
	EndGlobalSection
	GlobalSection(SolutionProperties) = preSolution
		HideSolutionNode = FALSE
	EndGlobalSection
	GlobalSection(ExtensibilityGlobals) = postSolution
		SolutionGuid = {A72E9818-6A63-444E-90E9-B6EA07188C24}
	EndGlobalSection
EndGlobal
